
Microsoft Visual Studio Solution File, Format Version 12.00
# Visual Studio 15
VisualStudioVersion = 15.0.28307.168
MinimumVisualStudioVersion = 10.0.40219.1
Project("{FAE04EC0-301F-11D3-BF4B-00C04F79EFBC}") = "ExchangeMonitor", "ExchangeMonitor\ExchangeMonitor.csproj", "{EAC90870-F5E5-4986-ADE0-AE8614D5CF01}"
EndProject
Project("{FAE04EC0-301F-11D3-BF4B-00C04F79EFBC}") = "ExchangeService", "ExchangeService\ExchangeService.csproj", "{EC2628BD-F6A6-4094-814B-40270A6480FA}"
EndProject
Global
	GlobalSection(SolutionConfigurationPlatforms) = preSolution
		Debug|Any CPU = Debug|Any CPU
		Release|Any CPU = Release|Any CPU
	EndGlobalSection
	GlobalSection(ProjectConfigurationPlatforms) = postSolution
		{EAC90870-F5E5-4986-ADE0-AE8614D5CF01}.Debug|Any CPU.ActiveCfg = Debug|Any CPU
		{EAC90870-F5E5-4986-ADE0-AE8614D5CF01}.Debug|Any CPU.Build.0 = Debug|Any CPU
		{EAC90870-F5E5-4986-ADE0-AE8614D5CF01}.Release|Any CPU.ActiveCfg = Release|Any CPU
		{EAC90870-F5E5-4986-ADE0-AE8614D5CF01}.Release|Any CPU.Build.0 = Release|Any CPU
		{EC2628BD-F6A6-4094-814B-40270A6480FA}.Debug|Any CPU.ActiveCfg = Debug|Any CPU
		{EC2628BD-F6A6-4094-814B-40270A6480FA}.Debug|Any CPU.Build.0 = Debug|Any CPU
		{EC2628BD-F6A6-4094-814B-40270A6480FA}.Release|Any CPU.ActiveCfg = Release|Any CPU
		{EC2628BD-F6A6-4094-814B-40270A6480FA}.Release|Any CPU.Build.0 = Release|Any CPU
	EndGlobalSection
	GlobalSection(SolutionProperties) = preSolution
		HideSolutionNode = FALSE
	EndGlobalSection
	GlobalSection(ExtensibilityGlobals) = postSolution
		SolutionGuid = {4E76489E-0B69-424F-BC7C-13F68A16A644}
	EndGlobalSection
EndGlobal
